
Microsoft Visual Studio Solution File, Format Version 12.00
# Visual Studio Version 17
VisualStudioVersion = 17.11.35312.102
MinimumVisualStudioVersion = 10.0.40219.1
Project("{FAE04EC0-301F-11D3-BF4B-00C04F79EFBC}") = "Proekt_SDA", "Proekt_SDA\Proekt_SDA.csproj", "{C0949295-79C5-48A7-9D63-17C92A9EF62D}"
EndProject
Global
	GlobalSection(SolutionConfigurationPlatforms) = preSolution
		Debug|Any CPU = Debug|Any CPU
		Release|Any CPU = Release|Any CPU
	EndGlobalSection
	GlobalSection(ProjectConfigurationPlatforms) = postSolution
		{C0949295-79C5-48A7-9D63-17C92A9EF62D}.Debug|Any CPU.ActiveCfg = Debug|Any CPU
		{C0949295-79C5-48A7-9D63-17C92A9EF62D}.Debug|Any CPU.Build.0 = Debug|Any CPU
		{C0949295-79C5-48A7-9D63-17C92A9EF62D}.Release|Any CPU.ActiveCfg = Release|Any CPU
		{C0949295-79C5-48A7-9D63-17C92A9EF62D}.Release|Any CPU.Build.0 = Release|Any CPU
	EndGlobalSection
	GlobalSection(SolutionProperties) = preSolution
		HideSolutionNode = FALSE
	EndGlobalSection
	GlobalSection(ExtensibilityGlobals) = postSolution
		SolutionGuid = {B44C7279-3F99-4CDA-A4F9-B4AD4E832AFA}
	EndGlobalSection
EndGlobal
